
Microsoft Visual Studio Solution File, Format Version 12.00
# Visual Studio Version 17
VisualStudioVersion = 17.14.36811.4
MinimumVisualStudioVersion = 10.0.40219.1
Project("{FAE04EC0-301F-11D3-BF4B-00C04F79EFBC}") = "DentalHub.Domain", "DentalHub.Domain\DentalHub.Domain.csproj", "{B8A4194B-D36E-4762-B7EC-95289B7B204B}"
EndProject
Project("{FAE04EC0-301F-11D3-BF4B-00C04F79EFBC}") = "DentalHub.Infrastructure", "DentalHub.Infrastructure\DentalHub.Infrastructure.csproj", "{90A9F7ED-FC6B-4DC4-BC37-901F76D27803}"
EndProject
Project("{FAE04EC0-301F-11D3-BF4B-00C04F79EFBC}") = "DentalHub.Application", "DentalHub.Application\DentalHub.Application.csproj", "{B643A680-D894-48F3-BFF6-6716E22294F0}"
EndProject
Project("{FAE04EC0-301F-11D3-BF4B-00C04F79EFBC}") = "DentalHub.API", "DentalHub.API\DentalHub.API.csproj", "{B3C55415-040A-CDF2-1429-CEBCA9D02535}"
EndProject
Global
	GlobalSection(SolutionConfigurationPlatforms) = preSolution
		Debug|Any CPU = Debug|Any CPU
		Release|Any CPU = Release|Any CPU
	EndGlobalSection
	GlobalSection(ProjectConfigurationPlatforms) = postSolution
		{B8A4194B-D36E-4762-B7EC-95289B7B204B}.Debug|Any CPU.ActiveCfg = Debug|Any CPU
		{B8A4194B-D36E-4762-B7EC-95289B7B204B}.Debug|Any CPU.Build.0 = Debug|Any CPU
		{B8A4194B-D36E-4762-B7EC-95289B7B204B}.Release|Any CPU.ActiveCfg = Release|Any CPU
		{B8A4194B-D36E-4762-B7EC-95289B7B204B}.Release|Any CPU.Build.0 = Release|Any CPU
		{90A9F7ED-FC6B-4DC4-BC37-901F76D27803}.Debug|Any CPU.ActiveCfg = Debug|Any CPU
		{90A9F7ED-FC6B-4DC4-BC37-901F76D27803}.Debug|Any CPU.Build.0 = Debug|Any CPU
		{90A9F7ED-FC6B-4DC4-BC37-901F76D27803}.Release|Any CPU.ActiveCfg = Release|Any CPU
		{90A9F7ED-FC6B-4DC4-BC37-901F76D27803}.Release|Any CPU.Build.0 = Release|Any CPU
		{B643A680-D894-48F3-BFF6-6716E22294F0}.Debug|Any CPU.ActiveCfg = Debug|Any CPU
		{B643A680-D894-48F3-BFF6-6716E22294F0}.Debug|Any CPU.Build.0 = Debug|Any CPU
		{B643A680-D894-48F3-BFF6-6716E22294F0}.Release|Any CPU.ActiveCfg = Release|Any CPU
		{B643A680-D894-48F3-BFF6-6716E22294F0}.Release|Any CPU.Build.0 = Release|Any CPU
		{B3C55415-040A-CDF2-1429-CEBCA9D02535}.Debug|Any CPU.ActiveCfg = Debug|Any CPU
		{B3C55415-040A-CDF2-1429-CEBCA9D02535}.Debug|Any CPU.Build.0 = Debug|Any CPU
		{B3C55415-040A-CDF2-1429-CEBCA9D02535}.Release|Any CPU.ActiveCfg = Release|Any CPU
		{B3C55415-040A-CDF2-1429-CEBCA9D02535}.Release|Any CPU.Build.0 = Release|Any CPU
	EndGlobalSection
	GlobalSection(SolutionProperties) = preSolution
		HideSolutionNode = FALSE
	EndGlobalSection
	GlobalSection(ExtensibilityGlobals) = postSolution
		SolutionGuid = {3175E7F0-05AD-4974-B2D7-F33F5677E9A8}
	EndGlobalSection
EndGlobal
